
Microsoft Visual Studio Solution File, Format Version 10.00
# Visual C++ Express 2008
Project("{8BC9CEB8-8B4A-11D0-8D11-00A0C91BC942}") = "MonkeyMadness", "MonkeyMadness\MonkeyMadness.vcproj", "{68F5DB2D-9E6B-4DDF-9E0F-918FD1B5FB47}"
	ProjectSection(ProjectDependencies) = postProject
		{EC5DB2F1-5096-430A-B62F-65859F497E5D} = {EC5DB2F1-5096-430A-B62F-65859F497E5D}
	EndProjectSection
EndProject
Project("{8BC9CEB8-8B4A-11D0-8D11-00A0C91BC942}") = "IndieLib_vc2008", "MonkeyMadness\IndieLib\IndieLib_vc2008\IndieLib_vc2008.vcproj", "{EC5DB2F1-5096-430A-B62F-65859F497E5D}"
EndProject
Global
	GlobalSection(SolutionConfigurationPlatforms) = preSolution
		Debug|Win32 = Debug|Win32
		DevelopMent_Debug|Win32 = DevelopMent_Debug|Win32
		Release|Win32 = Release|Win32
	EndGlobalSection
	GlobalSection(ProjectConfigurationPlatforms) = postSolution
		{68F5DB2D-9E6B-4DDF-9E0F-918FD1B5FB47}.Debug|Win32.ActiveCfg = Debug|Win32
		{68F5DB2D-9E6B-4DDF-9E0F-918FD1B5FB47}.Debug|Win32.Build.0 = Debug|Win32
		{68F5DB2D-9E6B-4DDF-9E0F-918FD1B5FB47}.DevelopMent_Debug|Win32.ActiveCfg = DevelopMent_Debug|Win32
		{68F5DB2D-9E6B-4DDF-9E0F-918FD1B5FB47}.DevelopMent_Debug|Win32.Build.0 = DevelopMent_Debug|Win32
		{68F5DB2D-9E6B-4DDF-9E0F-918FD1B5FB47}.Release|Win32.ActiveCfg = Release|Win32
		{68F5DB2D-9E6B-4DDF-9E0F-918FD1B5FB47}.Release|Win32.Build.0 = Release|Win32
		{EC5DB2F1-5096-430A-B62F-65859F497E5D}.Debug|Win32.ActiveCfg = Debug|Win32
		{EC5DB2F1-5096-430A-B62F-65859F497E5D}.Debug|Win32.Build.0 = Debug|Win32
		{EC5DB2F1-5096-430A-B62F-65859F497E5D}.DevelopMent_Debug|Win32.ActiveCfg = DevelopMent_Debug|Win32
		{EC5DB2F1-5096-430A-B62F-65859F497E5D}.DevelopMent_Debug|Win32.Build.0 = DevelopMent_Debug|Win32
		{EC5DB2F1-5096-430A-B62F-65859F497E5D}.Release|Win32.ActiveCfg = Release|Win32
		{EC5DB2F1-5096-430A-B62F-65859F497E5D}.Release|Win32.Build.0 = Release|Win32
	EndGlobalSection
	GlobalSection(SolutionProperties) = preSolution
		HideSolutionNode = FALSE
	EndGlobalSection
EndGlobal
